
Microsoft Visual Studio Solution File, Format Version 12.00
# Visual Studio Version 16
VisualStudioVersion = 16.0.29411.108
MinimumVisualStudioVersion = 10.0.40219.1
Project("{FAE04EC0-301F-11D3-BF4B-00C04F79EFBC}") = "ilucTask", "ilucTask\ilucTask.csproj", "{9D1340EA-4DAA-4DB2-8A85-F754E5F98377}"
EndProject
Global
	GlobalSection(SolutionConfigurationPlatforms) = preSolution
		Debug|Any CPU = Debug|Any CPU
		Release|Any CPU = Release|Any CPU
	EndGlobalSection
	GlobalSection(ProjectConfigurationPlatforms) = postSolution
		{9D1340EA-4DAA-4DB2-8A85-F754E5F98377}.Debug|Any CPU.ActiveCfg = Debug|Any CPU
		{9D1340EA-4DAA-4DB2-8A85-F754E5F98377}.Debug|Any CPU.Build.0 = Debug|Any CPU
		{9D1340EA-4DAA-4DB2-8A85-F754E5F98377}.Release|Any CPU.ActiveCfg = Release|Any CPU
		{9D1340EA-4DAA-4DB2-8A85-F754E5F98377}.Release|Any CPU.Build.0 = Release|Any CPU
	EndGlobalSection
	GlobalSection(SolutionProperties) = preSolution
		HideSolutionNode = FALSE
	EndGlobalSection
	GlobalSection(ExtensibilityGlobals) = postSolution
		SolutionGuid = {B7C69B3A-2F08-4B4C-AE96-53A6D20C8401}
	EndGlobalSection
EndGlobal
